
Microsoft Visual Studio Solution File, Format Version 11.00
# Visual Studio 2010
Project("{2150E333-8FDC-42A3-9474-1A3956D46DE8}") = "WebCli", "WebCli", "{1B994F9A-654E-4006-B822-7C08A3FDFABA}"
EndProject
Project("{2150E333-8FDC-42A3-9474-1A3956D46DE8}") = "WebSer", "WebSer", "{60734165-5D3D-44F4-B72C-4071253872F9}"
EndProject
Project("{2150E333-8FDC-42A3-9474-1A3956D46DE8}") = "webBrowser", "webBrowser", "{D4147807-0333-4E98-9417-D1AD9E20DC17}"
EndProject
Project("{E24C65DC-7377-472B-9ABA-BC803B73C61A}") = "MyFramework", "MyFramework\", "{2D35A6F6-8661-4AC7-8C1B-C4E89E3C5880}"
	ProjectSection(WebsiteProperties) = preProject
		TargetFrameworkMoniker = ".NETFramework,Version%3Dv4.0"
		ProjectReferences = "{549D7ECD-7891-44F5-8AD9-0994608EA5FF}|Pager.dll;{0D21683F-F1CC-42E4-8669-37B5491FBD28}|MyFramework.BusinessLogic.dll;{3864E3AA-DC14-4126-A199-03445FC70391}|MyFramework.Component.dll;{195B1771-A4DC-42D5-8E12-703D969D056D}|MyFramework.Common.dll;{C75A217A-9FBA-4579-AB7B-D63042482B39}|MyFramework.DAL.dll;{3E6B2189-0C14-4D63-AE8C-38353F4B5E8D}|WebAppService.dll;"
		Debug.AspNetCompiler.VirtualPath = "/MyFramework"
		Debug.AspNetCompiler.PhysicalPath = "MyFramework\"
		Debug.AspNetCompiler.TargetPath = "PrecompiledWeb\MyFramework\"
		Debug.AspNetCompiler.Updateable = "true"
		Debug.AspNetCompiler.ForceOverwrite = "true"
		Debug.AspNetCompiler.FixedNames = "false"
		Debug.AspNetCompiler.Debug = "True"
		Release.AspNetCompiler.VirtualPath = "/MyFramework"
		Release.AspNetCompiler.PhysicalPath = "MyFramework\"
		Release.AspNetCompiler.TargetPath = "PrecompiledWeb\MyFramework\"
		Release.AspNetCompiler.Updateable = "true"
		Release.AspNetCompiler.ForceOverwrite = "true"
		Release.AspNetCompiler.FixedNames = "false"
		Release.AspNetCompiler.Debug = "False"
		VWDPort = "8266"
		DefaultWebSiteLanguage = "Visual C#"
	EndProjectSection
EndProject
Project("{FAE04EC0-301F-11D3-BF4B-00C04F79EFBC}") = "MyFramework.BLL", "MyFramework.BusinessLogic\MyFramework.BLL.csproj", "{0D21683F-F1CC-42E4-8669-37B5491FBD28}"
EndProject
Project("{FAE04EC0-301F-11D3-BF4B-00C04F79EFBC}") = "MyFramework.DAL", "MyFramework.DAL\MyFramework.DAL.csproj", "{C75A217A-9FBA-4579-AB7B-D63042482B39}"
EndProject
Project("{FAE04EC0-301F-11D3-BF4B-00C04F79EFBC}") = "Pager", "Pager\Pager.csproj", "{549D7ECD-7891-44F5-8AD9-0994608EA5FF}"
EndProject
Project("{FAE04EC0-301F-11D3-BF4B-00C04F79EFBC}") = "webBrowser", "webBrowser\webBrowser.csproj", "{2A537FB0-FE06-4EF1-897A-0C8D8DD972BB}"
EndProject
Project("{E24C65DC-7377-472B-9ABA-BC803B73C61A}") = "WebCli", "WebCli\", "{02038233-9F87-4507-82BC-942BE15646FF}"
	ProjectSection(WebsiteProperties) = preProject
		TargetFrameworkMoniker = ".NETFramework,Version%3Dv4.0"
		Debug.AspNetCompiler.VirtualPath = "/WebCli"
		Debug.AspNetCompiler.PhysicalPath = "WebCli\"
		Debug.AspNetCompiler.TargetPath = "PrecompiledWeb\WebCli\"
		Debug.AspNetCompiler.Updateable = "true"
		Debug.AspNetCompiler.ForceOverwrite = "true"
		Debug.AspNetCompiler.FixedNames = "false"
		Debug.AspNetCompiler.Debug = "True"
		Release.AspNetCompiler.VirtualPath = "/WebCli"
		Release.AspNetCompiler.PhysicalPath = "WebCli\"
		Release.AspNetCompiler.TargetPath = "PrecompiledWeb\WebCli\"
		Release.AspNetCompiler.Updateable = "true"
		Release.AspNetCompiler.ForceOverwrite = "true"
		Release.AspNetCompiler.FixedNames = "false"
		Release.AspNetCompiler.Debug = "False"
		VWDPort = "1768"
	EndProjectSection
EndProject
Project("{E24C65DC-7377-472B-9ABA-BC803B73C61A}") = "WebSer", "WebSer\", "{B82604F4-86D5-4DDE-BD0E-6D4C0F17EFD1}"
	ProjectSection(WebsiteProperties) = preProject
		TargetFrameworkMoniker = ".NETFramework,Version%3Dv4.0"
		Debug.AspNetCompiler.VirtualPath = "/WebSer"
		Debug.AspNetCompiler.PhysicalPath = "WebSer\"
		Debug.AspNetCompiler.TargetPath = "PrecompiledWeb\WebSer\"
		Debug.AspNetCompiler.Updateable = "true"
		Debug.AspNetCompiler.ForceOverwrite = "true"
		Debug.AspNetCompiler.FixedNames = "false"
		Debug.AspNetCompiler.Debug = "True"
		Release.AspNetCompiler.VirtualPath = "/WebSer"
		Release.AspNetCompiler.PhysicalPath = "WebSer\"
		Release.AspNetCompiler.TargetPath = "PrecompiledWeb\WebSer\"
		Release.AspNetCompiler.Updateable = "true"
		Release.AspNetCompiler.ForceOverwrite = "true"
		Release.AspNetCompiler.FixedNames = "false"
		Release.AspNetCompiler.Debug = "False"
		VWDPort = "1772"
	EndProjectSection
EndProject
Project("{FAE04EC0-301F-11D3-BF4B-00C04F79EFBC}") = "MyFramework.Component", "BSCRM.Component\MyFramework.Component.csproj", "{3864E3AA-DC14-4126-A199-03445FC70391}"
EndProject
Project("{FAE04EC0-301F-11D3-BF4B-00C04F79EFBC}") = "MyFramework.Common", "MyFramework.Common\MyFramework.Common.csproj", "{195B1771-A4DC-42D5-8E12-703D969D056D}"
EndProject
Project("{2150E333-8FDC-42A3-9474-1A3956D46DE8}") = "MailTo", "MailTo", "{1811CBC3-A8F0-4D12-92F4-92403DAB9897}"
EndProject
Project("{2150E333-8FDC-42A3-9474-1A3956D46DE8}") = "NewFolder1", "NewFolder1", "{BA6CED4B-389B-490D-A2E4-92D9F78C8161}"
EndProject
Project("{FAE04EC0-301F-11D3-BF4B-00C04F79EFBC}") = "ToTurn", "ToTurn\ToTurn.csproj", "{38F9EBDC-B657-475E-9D5C-B1DA8144FA05}"
EndProject
Project("{E24C65DC-7377-472B-9ABA-BC803B73C61A}") = "jQuery", "jQuery\", "{6EB1A0E2-F15A-450D-9D7F-DC32A62522C8}"
	ProjectSection(WebsiteProperties) = preProject
		TargetFrameworkMoniker = ".NETFramework,Version%3Dv3.5"
		Debug.AspNetCompiler.VirtualPath = "/jQuery"
		Debug.AspNetCompiler.PhysicalPath = "jQuery\"
		Debug.AspNetCompiler.TargetPath = "PrecompiledWeb\jQuery\"
		Debug.AspNetCompiler.Updateable = "true"
		Debug.AspNetCompiler.ForceOverwrite = "true"
		Debug.AspNetCompiler.FixedNames = "false"
		Debug.AspNetCompiler.Debug = "True"
		Release.AspNetCompiler.VirtualPath = "/jQuery"
		Release.AspNetCompiler.PhysicalPath = "jQuery\"
		Release.AspNetCompiler.TargetPath = "PrecompiledWeb\jQuery\"
		Release.AspNetCompiler.Updateable = "true"
		Release.AspNetCompiler.ForceOverwrite = "true"
		Release.AspNetCompiler.FixedNames = "false"
		Release.AspNetCompiler.Debug = "False"
		VWDPort = "5838"
	EndProjectSection
EndProject
Project("{FAE04EC0-301F-11D3-BF4B-00C04F79EFBC}") = "MyFramework.WebAppService", "WebAppService\MyFramework.WebAppService.csproj", "{3E6B2189-0C14-4D63-AE8C-38353F4B5E8D}"
EndProject
Project("{E24C65DC-7377-472B-9ABA-BC803B73C61A}") = "travelsky", "travelsky\", "{B66261FE-8497-4890-BEB6-8D63FBB6B957}"
	ProjectSection(WebsiteProperties) = preProject
		TargetFrameworkMoniker = ".NETFramework,Version%3Dv4.0"
		Debug.AspNetCompiler.VirtualPath = "/travelsky"
		Debug.AspNetCompiler.PhysicalPath = "travelsky\"
		Debug.AspNetCompiler.TargetPath = "PrecompiledWeb\travelsky\"
		Debug.AspNetCompiler.Updateable = "true"
		Debug.AspNetCompiler.ForceOverwrite = "true"
		Debug.AspNetCompiler.FixedNames = "false"
		Debug.AspNetCompiler.Debug = "True"
		Release.AspNetCompiler.VirtualPath = "/travelsky"
		Release.AspNetCompiler.PhysicalPath = "travelsky\"
		Release.AspNetCompiler.TargetPath = "PrecompiledWeb\travelsky\"
		Release.AspNetCompiler.Updateable = "true"
		Release.AspNetCompiler.ForceOverwrite = "true"
		Release.AspNetCompiler.FixedNames = "false"
		Release.AspNetCompiler.Debug = "False"
		VWDPort = "9639"
	EndProjectSection
EndProject
Project("{E24C65DC-7377-472B-9ABA-BC803B73C61A}") = "Asp.net中防止用户多次登录的方法2", "C:\Users\Administrator\Desktop\新建文件夹\Asp.net中防止用户多次登录的方法2\", "{FF974F0A-75AE-4FA3-A4E7-13971E30E800}"
	ProjectSection(WebsiteProperties) = preProject
		TargetFrameworkMoniker = ".NETFramework,Version%3Dv4.0"
		Debug.AspNetCompiler.VirtualPath = "/Asp.net中防止用户多次登录的方法2"
		Debug.AspNetCompiler.PhysicalPath = "C:\Users\Administrator\Desktop\新建文件夹\Asp.net中防止用户多次登录的方法2\"
		Debug.AspNetCompiler.TargetPath = "PrecompiledWeb\Asp.net中防止用户多次登录的方法2\"
		Debug.AspNetCompiler.Updateable = "true"
		Debug.AspNetCompiler.ForceOverwrite = "true"
		Debug.AspNetCompiler.FixedNames = "false"
		Debug.AspNetCompiler.Debug = "True"
		Release.AspNetCompiler.VirtualPath = "/Asp.net中防止用户多次登录的方法2"
		Release.AspNetCompiler.PhysicalPath = "C:\Users\Administrator\Desktop\新建文件夹\Asp.net中防止用户多次登录的方法2\"
		Release.AspNetCompiler.TargetPath = "PrecompiledWeb\Asp.net中防止用户多次登录的方法2\"
		Release.AspNetCompiler.Updateable = "true"
		Release.AspNetCompiler.ForceOverwrite = "true"
		Release.AspNetCompiler.FixedNames = "false"
		Release.AspNetCompiler.Debug = "False"
		VWDPort = "13586"
	EndProjectSection
EndProject
Global
	GlobalSection(SolutionConfigurationPlatforms) = preSolution
		Debug|.NET = Debug|.NET
		Debug|Any CPU = Debug|Any CPU
		Debug|Mixed Platforms = Debug|Mixed Platforms
		Debug|x86 = Debug|x86
		Release|.NET = Release|.NET
		Release|Any CPU = Release|Any CPU
		Release|Mixed Platforms = Release|Mixed Platforms
		Release|x86 = Release|x86
	EndGlobalSection
	GlobalSection(ProjectConfigurationPlatforms) = postSolution
		{2D35A6F6-8661-4AC7-8C1B-C4E89E3C5880}.Debug|.NET.ActiveCfg = Debug|Any CPU
		{2D35A6F6-8661-4AC7-8C1B-C4E89E3C5880}.Debug|Any CPU.ActiveCfg = Debug|Any CPU
		{2D35A6F6-8661-4AC7-8C1B-C4E89E3C5880}.Debug|Any CPU.Build.0 = Debug|Any CPU
		{2D35A6F6-8661-4AC7-8C1B-C4E89E3C5880}.Debug|Mixed Platforms.ActiveCfg = Debug|Any CPU
		{2D35A6F6-8661-4AC7-8C1B-C4E89E3C5880}.Debug|Mixed Platforms.Build.0 = Debug|Any CPU
		{2D35A6F6-8661-4AC7-8C1B-C4E89E3C5880}.Debug|x86.ActiveCfg = Debug|Any CPU
		{2D35A6F6-8661-4AC7-8C1B-C4E89E3C5880}.Release|.NET.ActiveCfg = Debug|Any CPU
		{2D35A6F6-8661-4AC7-8C1B-C4E89E3C5880}.Release|Any CPU.ActiveCfg = Debug|Any CPU
		{2D35A6F6-8661-4AC7-8C1B-C4E89E3C5880}.Release|Any CPU.Build.0 = Debug|Any CPU
		{2D35A6F6-8661-4AC7-8C1B-C4E89E3C5880}.Release|Mixed Platforms.ActiveCfg = Debug|Any CPU
		{2D35A6F6-8661-4AC7-8C1B-C4E89E3C5880}.Release|Mixed Platforms.Build.0 = Debug|Any CPU
		{2D35A6F6-8661-4AC7-8C1B-C4E89E3C5880}.Release|x86.ActiveCfg = Debug|Any CPU
		{0D21683F-F1CC-42E4-8669-37B5491FBD28}.Debug|.NET.ActiveCfg = Debug|Any CPU
		{0D21683F-F1CC-42E4-8669-37B5491FBD28}.Debug|Any CPU.ActiveCfg = Debug|Any CPU
		{0D21683F-F1CC-42E4-8669-37B5491FBD28}.Debug|Any CPU.Build.0 = Debug|Any CPU
		{0D21683F-F1CC-42E4-8669-37B5491FBD28}.Debug|Mixed Platforms.ActiveCfg = Debug|Any CPU
		{0D21683F-F1CC-42E4-8669-37B5491FBD28}.Debug|Mixed Platforms.Build.0 = Debug|Any CPU
		{0D21683F-F1CC-42E4-8669-37B5491FBD28}.Debug|x86.ActiveCfg = Debug|Any CPU
		{0D21683F-F1CC-42E4-8669-37B5491FBD28}.Release|.NET.ActiveCfg = Release|Any CPU
		{0D21683F-F1CC-42E4-8669-37B5491FBD28}.Release|Any CPU.ActiveCfg = Release|Any CPU
		{0D21683F-F1CC-42E4-8669-37B5491FBD28}.Release|Any CPU.Build.0 = Release|Any CPU
		{0D21683F-F1CC-42E4-8669-37B5491FBD28}.Release|Mixed Platforms.ActiveCfg = Release|Any CPU
		{0D21683F-F1CC-42E4-8669-37B5491FBD28}.Release|Mixed Platforms.Build.0 = Release|Any CPU
		{0D21683F-F1CC-42E4-8669-37B5491FBD28}.Release|x86.ActiveCfg = Release|Any CPU
		{C75A217A-9FBA-4579-AB7B-D63042482B39}.Debug|.NET.ActiveCfg = Debug|Any CPU
		{C75A217A-9FBA-4579-AB7B-D63042482B39}.Debug|Any CPU.ActiveCfg = Debug|Any CPU
		{C75A217A-9FBA-4579-AB7B-D63042482B39}.Debug|Any CPU.Build.0 = Debug|Any CPU
		{C75A217A-9FBA-4579-AB7B-D63042482B39}.Debug|Mixed Platforms.ActiveCfg = Debug|Any CPU
		{C75A217A-9FBA-4579-AB7B-D63042482B39}.Debug|Mixed Platforms.Build.0 = Debug|Any CPU
		{C75A217A-9FBA-4579-AB7B-D63042482B39}.Debug|x86.ActiveCfg = Debug|Any CPU
		{C75A217A-9FBA-4579-AB7B-D63042482B39}.Release|.NET.ActiveCfg = Release|Any CPU
		{C75A217A-9FBA-4579-AB7B-D63042482B39}.Release|Any CPU.ActiveCfg = Release|Any CPU
		{C75A217A-9FBA-4579-AB7B-D63042482B39}.Release|Any CPU.Build.0 = Release|Any CPU
		{C75A217A-9FBA-4579-AB7B-D63042482B39}.Release|Mixed Platforms.ActiveCfg = Release|Any CPU
		{C75A217A-9FBA-4579-AB7B-D63042482B39}.Release|Mixed Platforms.Build.0 = Release|Any CPU
		{C75A217A-9FBA-4579-AB7B-D63042482B39}.Release|x86.ActiveCfg = Release|Any CPU
		{549D7ECD-7891-44F5-8AD9-0994608EA5FF}.Debug|.NET.ActiveCfg = Debug|Any CPU
		{549D7ECD-7891-44F5-8AD9-0994608EA5FF}.Debug|Any CPU.ActiveCfg = Debug|Any CPU
		{549D7ECD-7891-44F5-8AD9-0994608EA5FF}.Debug|Any CPU.Build.0 = Debug|Any CPU
		{549D7ECD-7891-44F5-8AD9-0994608EA5FF}.Debug|Mixed Platforms.ActiveCfg = Debug|Any CPU
		{549D7ECD-7891-44F5-8AD9-0994608EA5FF}.Debug|Mixed Platforms.Build.0 = Debug|Any CPU
		{549D7ECD-7891-44F5-8AD9-0994608EA5FF}.Debug|x86.ActiveCfg = Debug|Any CPU
		{549D7ECD-7891-44F5-8AD9-0994608EA5FF}.Release|.NET.ActiveCfg = Release|Any CPU
		{549D7ECD-7891-44F5-8AD9-0994608EA5FF}.Release|Any CPU.ActiveCfg = Release|Any CPU
		{549D7ECD-7891-44F5-8AD9-0994608EA5FF}.Release|Any CPU.Build.0 = Release|Any CPU
		{549D7ECD-7891-44F5-8AD9-0994608EA5FF}.Release|Mixed Platforms.ActiveCfg = Release|Any CPU
		{549D7ECD-7891-44F5-8AD9-0994608EA5FF}.Release|Mixed Platforms.Build.0 = Release|Any CPU
		{549D7ECD-7891-44F5-8AD9-0994608EA5FF}.Release|x86.ActiveCfg = Release|Any CPU
		{2A537FB0-FE06-4EF1-897A-0C8D8DD972BB}.Debug|.NET.ActiveCfg = Debug|Any CPU
		{2A537FB0-FE06-4EF1-897A-0C8D8DD972BB}.Debug|Any CPU.ActiveCfg = Debug|Any CPU
		{2A537FB0-FE06-4EF1-897A-0C8D8DD972BB}.Debug|Any CPU.Build.0 = Debug|Any CPU
		{2A537FB0-FE06-4EF1-897A-0C8D8DD972BB}.Debug|Mixed Platforms.ActiveCfg = Debug|Any CPU
		{2A537FB0-FE06-4EF1-897A-0C8D8DD972BB}.Debug|Mixed Platforms.Build.0 = Debug|Any CPU
		{2A537FB0-FE06-4EF1-897A-0C8D8DD972BB}.Debug|x86.ActiveCfg = Debug|Any CPU
		{2A537FB0-FE06-4EF1-897A-0C8D8DD972BB}.Release|.NET.ActiveCfg = Release|Any CPU
		{2A537FB0-FE06-4EF1-897A-0C8D8DD972BB}.Release|Any CPU.ActiveCfg = Release|Any CPU
		{2A537FB0-FE06-4EF1-897A-0C8D8DD972BB}.Release|Any CPU.Build.0 = Release|Any CPU
		{2A537FB0-FE06-4EF1-897A-0C8D8DD972BB}.Release|Mixed Platforms.ActiveCfg = Release|Any CPU
		{2A537FB0-FE06-4EF1-897A-0C8D8DD972BB}.Release|Mixed Platforms.Build.0 = Release|Any CPU
		{2A537FB0-FE06-4EF1-897A-0C8D8DD972BB}.Release|x86.ActiveCfg = Release|Any CPU
		{02038233-9F87-4507-82BC-942BE15646FF}.Debug|.NET.ActiveCfg = Debug|Any CPU
		{02038233-9F87-4507-82BC-942BE15646FF}.Debug|Any CPU.ActiveCfg = Debug|Any CPU
		{02038233-9F87-4507-82BC-942BE15646FF}.Debug|Any CPU.Build.0 = Debug|Any CPU
		{02038233-9F87-4507-82BC-942BE15646FF}.Debug|Mixed Platforms.ActiveCfg = Debug|Any CPU
		{02038233-9F87-4507-82BC-942BE15646FF}.Debug|Mixed Platforms.Build.0 = Debug|Any CPU
		{02038233-9F87-4507-82BC-942BE15646FF}.Debug|x86.ActiveCfg = Debug|Any CPU
		{02038233-9F87-4507-82BC-942BE15646FF}.Release|.NET.ActiveCfg = Debug|Any CPU
		{02038233-9F87-4507-82BC-942BE15646FF}.Release|Any CPU.ActiveCfg = Debug|Any CPU
		{02038233-9F87-4507-82BC-942BE15646FF}.Release|Any CPU.Build.0 = Debug|Any CPU
		{02038233-9F87-4507-82BC-942BE15646FF}.Release|Mixed Platforms.ActiveCfg = Debug|Any CPU
		{02038233-9F87-4507-82BC-942BE15646FF}.Release|Mixed Platforms.Build.0 = Debug|Any CPU
		{02038233-9F87-4507-82BC-942BE15646FF}.Release|x86.ActiveCfg = Debug|Any CPU
		{B82604F4-86D5-4DDE-BD0E-6D4C0F17EFD1}.Debug|.NET.ActiveCfg = Debug|Any CPU
		{B82604F4-86D5-4DDE-BD0E-6D4C0F17EFD1}.Debug|Any CPU.ActiveCfg = Debug|Any CPU
		{B82604F4-86D5-4DDE-BD0E-6D4C0F17EFD1}.Debug|Any CPU.Build.0 = Debug|Any CPU
		{B82604F4-86D5-4DDE-BD0E-6D4C0F17EFD1}.Debug|Mixed Platforms.ActiveCfg = Debug|Any CPU
		{B82604F4-86D5-4DDE-BD0E-6D4C0F17EFD1}.Debug|Mixed Platforms.Build.0 = Debug|Any CPU
		{B82604F4-86D5-4DDE-BD0E-6D4C0F17EFD1}.Debug|x86.ActiveCfg = Debug|Any CPU
		{B82604F4-86D5-4DDE-BD0E-6D4C0F17EFD1}.Release|.NET.ActiveCfg = Debug|Any CPU
		{B82604F4-86D5-4DDE-BD0E-6D4C0F17EFD1}.Release|Any CPU.ActiveCfg = Debug|Any CPU
		{B82604F4-86D5-4DDE-BD0E-6D4C0F17EFD1}.Release|Any CPU.Build.0 = Debug|Any CPU
		{B82604F4-86D5-4DDE-BD0E-6D4C0F17EFD1}.Release|Mixed Platforms.ActiveCfg = Debug|Any CPU
		{B82604F4-86D5-4DDE-BD0E-6D4C0F17EFD1}.Release|Mixed Platforms.Build.0 = Debug|Any CPU
		{B82604F4-86D5-4DDE-BD0E-6D4C0F17EFD1}.Release|x86.ActiveCfg = Debug|Any CPU
		{3864E3AA-DC14-4126-A199-03445FC70391}.Debug|.NET.ActiveCfg = Debug|Any CPU
		{3864E3AA-DC14-4126-A199-03445FC70391}.Debug|Any CPU.ActiveCfg = Debug|Any CPU
		{3864E3AA-DC14-4126-A199-03445FC70391}.Debug|Any CPU.Build.0 = Debug|Any CPU
		{3864E3AA-DC14-4126-A199-03445FC70391}.Debug|Mixed Platforms.ActiveCfg = Debug|Any CPU
		{3864E3AA-DC14-4126-A199-03445FC70391}.Debug|Mixed Platforms.Build.0 = Debug|Any CPU
		{3864E3AA-DC14-4126-A199-03445FC70391}.Debug|x86.ActiveCfg = Debug|Any CPU
		{3864E3AA-DC14-4126-A199-03445FC70391}.Release|.NET.ActiveCfg = Release|Any CPU
		{3864E3AA-DC14-4126-A199-03445FC70391}.Release|Any CPU.ActiveCfg = Release|Any CPU
		{3864E3AA-DC14-4126-A199-03445FC70391}.Release|Any CPU.Build.0 = Release|Any CPU
		{3864E3AA-DC14-4126-A199-03445FC70391}.Release|Mixed Platforms.ActiveCfg = Release|Any CPU
		{3864E3AA-DC14-4126-A199-03445FC70391}.Release|Mixed Platforms.Build.0 = Release|Any CPU
		{3864E3AA-DC14-4126-A199-03445FC70391}.Release|x86.ActiveCfg = Release|Any CPU
		{195B1771-A4DC-42D5-8E12-703D969D056D}.Debug|.NET.ActiveCfg = Debug|Any CPU
		{195B1771-A4DC-42D5-8E12-703D969D056D}.Debug|Any CPU.ActiveCfg = Debug|Any CPU
		{195B1771-A4DC-42D5-8E12-703D969D056D}.Debug|Any CPU.Build.0 = Debug|Any CPU
		{195B1771-A4DC-42D5-8E12-703D969D056D}.Debug|Mixed Platforms.ActiveCfg = Debug|Any CPU
		{195B1771-A4DC-42D5-8E12-703D969D056D}.Debug|Mixed Platforms.Build.0 = Debug|Any CPU
		{195B1771-A4DC-42D5-8E12-703D969D056D}.Debug|x86.ActiveCfg = Debug|Any CPU
		{195B1771-A4DC-42D5-8E12-703D969D056D}.Release|.NET.ActiveCfg = Release|Any CPU
		{195B1771-A4DC-42D5-8E12-703D969D056D}.Release|Any CPU.ActiveCfg = Release|Any CPU
		{195B1771-A4DC-42D5-8E12-703D969D056D}.Release|Any CPU.Build.0 = Release|Any CPU
		{195B1771-A4DC-42D5-8E12-703D969D056D}.Release|Mixed Platforms.ActiveCfg = Release|Any CPU
		{195B1771-A4DC-42D5-8E12-703D969D056D}.Release|Mixed Platforms.Build.0 = Release|Any CPU
		{195B1771-A4DC-42D5-8E12-703D969D056D}.Release|x86.ActiveCfg = Release|Any CPU
		{38F9EBDC-B657-475E-9D5C-B1DA8144FA05}.Debug|.NET.ActiveCfg = Debug|x86
		{38F9EBDC-B657-475E-9D5C-B1DA8144FA05}.Debug|Any CPU.ActiveCfg = Debug|x86
		{38F9EBDC-B657-475E-9D5C-B1DA8144FA05}.Debug|Mixed Platforms.ActiveCfg = Debug|x86
		{38F9EBDC-B657-475E-9D5C-B1DA8144FA05}.Debug|Mixed Platforms.Build.0 = Debug|x86
		{38F9EBDC-B657-475E-9D5C-B1DA8144FA05}.Debug|x86.ActiveCfg = Debug|x86
		{38F9EBDC-B657-475E-9D5C-B1DA8144FA05}.Debug|x86.Build.0 = Debug|x86
		{38F9EBDC-B657-475E-9D5C-B1DA8144FA05}.Release|.NET.ActiveCfg = Release|x86
		{38F9EBDC-B657-475E-9D5C-B1DA8144FA05}.Release|Any CPU.ActiveCfg = Release|x86
		{38F9EBDC-B657-475E-9D5C-B1DA8144FA05}.Release|Mixed Platforms.ActiveCfg = Release|x86
		{38F9EBDC-B657-475E-9D5C-B1DA8144FA05}.Release|Mixed Platforms.Build.0 = Release|x86
		{38F9EBDC-B657-475E-9D5C-B1DA8144FA05}.Release|x86.ActiveCfg = Release|x86
		{38F9EBDC-B657-475E-9D5C-B1DA8144FA05}.Release|x86.Build.0 = Release|x86
		{6EB1A0E2-F15A-450D-9D7F-DC32A62522C8}.Debug|.NET.ActiveCfg = Debug|Any CPU
		{6EB1A0E2-F15A-450D-9D7F-DC32A62522C8}.Debug|Any CPU.ActiveCfg = Debug|Any CPU
		{6EB1A0E2-F15A-450D-9D7F-DC32A62522C8}.Debug|Any CPU.Build.0 = Debug|Any CPU
		{6EB1A0E2-F15A-450D-9D7F-DC32A62522C8}.Debug|Mixed Platforms.ActiveCfg = Debug|Any CPU
		{6EB1A0E2-F15A-450D-9D7F-DC32A62522C8}.Debug|Mixed Platforms.Build.0 = Debug|Any CPU
		{6EB1A0E2-F15A-450D-9D7F-DC32A62522C8}.Debug|x86.ActiveCfg = Debug|Any CPU
		{6EB1A0E2-F15A-450D-9D7F-DC32A62522C8}.Release|.NET.ActiveCfg = Debug|Any CPU
		{6EB1A0E2-F15A-450D-9D7F-DC32A62522C8}.Release|Any CPU.ActiveCfg = Debug|Any CPU
		{6EB1A0E2-F15A-450D-9D7F-DC32A62522C8}.Release|Any CPU.Build.0 = Debug|Any CPU
		{6EB1A0E2-F15A-450D-9D7F-DC32A62522C8}.Release|Mixed Platforms.ActiveCfg = Debug|Any CPU
		{6EB1A0E2-F15A-450D-9D7F-DC32A62522C8}.Release|Mixed Platforms.Build.0 = Debug|Any CPU
		{6EB1A0E2-F15A-450D-9D7F-DC32A62522C8}.Release|x86.ActiveCfg = Debug|Any CPU
		{3E6B2189-0C14-4D63-AE8C-38353F4B5E8D}.Debug|.NET.ActiveCfg = Debug|Any CPU
		{3E6B2189-0C14-4D63-AE8C-38353F4B5E8D}.Debug|Any CPU.ActiveCfg = Debug|Any CPU
		{3E6B2189-0C14-4D63-AE8C-38353F4B5E8D}.Debug|Any CPU.Build.0 = Debug|Any CPU
		{3E6B2189-0C14-4D63-AE8C-38353F4B5E8D}.Debug|Mixed Platforms.ActiveCfg = Debug|Any CPU
		{3E6B2189-0C14-4D63-AE8C-38353F4B5E8D}.Debug|Mixed Platforms.Build.0 = Debug|Any CPU
		{3E6B2189-0C14-4D63-AE8C-38353F4B5E8D}.Debug|x86.ActiveCfg = Debug|Any CPU
		{3E6B2189-0C14-4D63-AE8C-38353F4B5E8D}.Release|.NET.ActiveCfg = Release|Any CPU
		{3E6B2189-0C14-4D63-AE8C-38353F4B5E8D}.Release|Any CPU.ActiveCfg = Release|Any CPU
		{3E6B2189-0C14-4D63-AE8C-38353F4B5E8D}.Release|Any CPU.Build.0 = Release|Any CPU
		{3E6B2189-0C14-4D63-AE8C-38353F4B5E8D}.Release|Mixed Platforms.ActiveCfg = Release|Any CPU
		{3E6B2189-0C14-4D63-AE8C-38353F4B5E8D}.Release|Mixed Platforms.Build.0 = Release|Any CPU
		{3E6B2189-0C14-4D63-AE8C-38353F4B5E8D}.Release|x86.ActiveCfg = Release|Any CPU
		{B66261FE-8497-4890-BEB6-8D63FBB6B957}.Debug|.NET.ActiveCfg = Debug|Any CPU
		{B66261FE-8497-4890-BEB6-8D63FBB6B957}.Debug|Any CPU.ActiveCfg = Debug|Any CPU
		{B66261FE-8497-4890-BEB6-8D63FBB6B957}.Debug|Any CPU.Build.0 = Debug|Any CPU
		{B66261FE-8497-4890-BEB6-8D63FBB6B957}.Debug|Mixed Platforms.ActiveCfg = Debug|Any CPU
		{B66261FE-8497-4890-BEB6-8D63FBB6B957}.Debug|Mixed Platforms.Build.0 = Debug|Any CPU
		{B66261FE-8497-4890-BEB6-8D63FBB6B957}.Debug|x86.ActiveCfg = Debug|Any CPU
		{B66261FE-8497-4890-BEB6-8D63FBB6B957}.Release|.NET.ActiveCfg = Debug|Any CPU
		{B66261FE-8497-4890-BEB6-8D63FBB6B957}.Release|Any CPU.ActiveCfg = Debug|Any CPU
		{B66261FE-8497-4890-BEB6-8D63FBB6B957}.Release|Any CPU.Build.0 = Debug|Any CPU
		{B66261FE-8497-4890-BEB6-8D63FBB6B957}.Release|Mixed Platforms.ActiveCfg = Debug|Any CPU
		{B66261FE-8497-4890-BEB6-8D63FBB6B957}.Release|Mixed Platforms.Build.0 = Debug|Any CPU
		{B66261FE-8497-4890-BEB6-8D63FBB6B957}.Release|x86.ActiveCfg = Debug|Any CPU
		{FF974F0A-75AE-4FA3-A4E7-13971E30E800}.Debug|.NET.ActiveCfg = Debug|Any CPU
		{FF974F0A-75AE-4FA3-A4E7-13971E30E800}.Debug|Any CPU.ActiveCfg = Debug|Any CPU
		{FF974F0A-75AE-4FA3-A4E7-13971E30E800}.Debug|Any CPU.Build.0 = Debug|Any CPU
		{FF974F0A-75AE-4FA3-A4E7-13971E30E800}.Debug|Mixed Platforms.ActiveCfg = Debug|Any CPU
		{FF974F0A-75AE-4FA3-A4E7-13971E30E800}.Debug|Mixed Platforms.Build.0 = Debug|Any CPU
		{FF974F0A-75AE-4FA3-A4E7-13971E30E800}.Debug|x86.ActiveCfg = Debug|Any CPU
		{FF974F0A-75AE-4FA3-A4E7-13971E30E800}.Release|.NET.ActiveCfg = Debug|Any CPU
		{FF974F0A-75AE-4FA3-A4E7-13971E30E800}.Release|Any CPU.ActiveCfg = Debug|Any CPU
		{FF974F0A-75AE-4FA3-A4E7-13971E30E800}.Release|Any CPU.Build.0 = Debug|Any CPU
		{FF974F0A-75AE-4FA3-A4E7-13971E30E800}.Release|Mixed Platforms.ActiveCfg = Debug|Any CPU
		{FF974F0A-75AE-4FA3-A4E7-13971E30E800}.Release|Mixed Platforms.Build.0 = Debug|Any CPU
		{FF974F0A-75AE-4FA3-A4E7-13971E30E800}.Release|x86.ActiveCfg = Debug|Any CPU
	EndGlobalSection
	GlobalSection(SolutionProperties) = preSolution
		HideSolutionNode = FALSE
	EndGlobalSection
	GlobalSection(NestedProjects) = preSolution
		{02038233-9F87-4507-82BC-942BE15646FF} = {1B994F9A-654E-4006-B822-7C08A3FDFABA}
		{B82604F4-86D5-4DDE-BD0E-6D4C0F17EFD1} = {60734165-5D3D-44F4-B72C-4071253872F9}
		{2A537FB0-FE06-4EF1-897A-0C8D8DD972BB} = {D4147807-0333-4E98-9417-D1AD9E20DC17}
		{38F9EBDC-B657-475E-9D5C-B1DA8144FA05} = {BA6CED4B-389B-490D-A2E4-92D9F78C8161}
	EndGlobalSection
EndGlobal
