
Microsoft Visual Studio Solution File, Format Version 9.00
# Visual Studio 2005
Project("{FAE04EC0-301F-11D3-BF4B-00C04F79EFBC}") = "Represent", "Represent\Represent.csproj", "{7C5B35EB-1D17-44CE-8A02-64900023331B}"
EndProject
Project("{FAE04EC0-301F-11D3-BF4B-00C04F79EFBC}") = "Models", "Models\Models.csproj", "{F2DD8A13-9186-4B83-8EC2-BA2BC49E3020}"
EndProject
Project("{FAE04EC0-301F-11D3-BF4B-00C04F79EFBC}") = "BLL", "BLL\BLL.csproj", "{5207A515-8E28-4C1A-A2FF-B6D4069E7037}"
EndProject
Project("{FAE04EC0-301F-11D3-BF4B-00C04F79EFBC}") = "AirLineInspection", "AirLineInspection\AirLineInspection.csproj", "{B55615D2-722E-45FC-B805-9F1736E2540C}"
EndProject
Project("{FAE04EC0-301F-11D3-BF4B-00C04F79EFBC}") = "CRM.Buzlogic", "..\CRM\CRM.Buzlogic\CRM.Buzlogic.csproj", "{E2436654-320F-4946-9C73-26934BC0C17B}"
EndProject
Global
	GlobalSection(SourceCodeControl) = preSolution
		SccNumberOfProjects = 5
		SccLocalPath0 = .
		CanCheckoutShared = false
		SccProjectUniqueName1 = BLL\\BLL.csproj
		SccProjectName1 = \u0022$/Test/TestProject/DataSniff/DataSniff/BLL\u0022,\u0020WXQCAAAA
		SccLocalPath1 = BLL
		CanCheckoutShared = false
		SccProjectUniqueName2 = Models\\Models.csproj
		SccProjectName2 = \u0022$/Test/TestProject/DataSniff/DataSniff/Models\u0022,\u0020YXQCAAAA
		SccLocalPath2 = Models
		CanCheckoutShared = false
		SccProjectUniqueName3 = Represent\\Represent.csproj
		SccProjectName3 = \u0022$/Test/TestProject/DataSniff/DataSniff/Represent\u0022,\u0020AYQCAAAA
		SccLocalPath3 = Represent
		CanCheckoutShared = false
		SccProjectUniqueName4 = AirLineInspection\\AirLineInspection.csproj
		SccLocalPath4 = .
		CanCheckoutShared = false
		SccProjectFilePathRelativizedFromConnection4 = AirLineInspection\\
	EndGlobalSection
	GlobalSection(SolutionConfigurationPlatforms) = preSolution
		Debug|Any CPU = Debug|Any CPU
		Release|Any CPU = Release|Any CPU
	EndGlobalSection
	GlobalSection(ProjectConfigurationPlatforms) = postSolution
		{7C5B35EB-1D17-44CE-8A02-64900023331B}.Debug|Any CPU.ActiveCfg = Debug|Any CPU
		{7C5B35EB-1D17-44CE-8A02-64900023331B}.Debug|Any CPU.Build.0 = Debug|Any CPU
		{7C5B35EB-1D17-44CE-8A02-64900023331B}.Release|Any CPU.ActiveCfg = Release|Any CPU
		{7C5B35EB-1D17-44CE-8A02-64900023331B}.Release|Any CPU.Build.0 = Release|Any CPU
		{F2DD8A13-9186-4B83-8EC2-BA2BC49E3020}.Debug|Any CPU.ActiveCfg = Debug|Any CPU
		{F2DD8A13-9186-4B83-8EC2-BA2BC49E3020}.Debug|Any CPU.Build.0 = Debug|Any CPU
		{F2DD8A13-9186-4B83-8EC2-BA2BC49E3020}.Release|Any CPU.ActiveCfg = Release|Any CPU
		{F2DD8A13-9186-4B83-8EC2-BA2BC49E3020}.Release|Any CPU.Build.0 = Release|Any CPU
		{5207A515-8E28-4C1A-A2FF-B6D4069E7037}.Debug|Any CPU.ActiveCfg = Debug|Any CPU
		{5207A515-8E28-4C1A-A2FF-B6D4069E7037}.Debug|Any CPU.Build.0 = Debug|Any CPU
		{5207A515-8E28-4C1A-A2FF-B6D4069E7037}.Release|Any CPU.ActiveCfg = Release|Any CPU
		{5207A515-8E28-4C1A-A2FF-B6D4069E7037}.Release|Any CPU.Build.0 = Release|Any CPU
		{B55615D2-722E-45FC-B805-9F1736E2540C}.Debug|Any CPU.ActiveCfg = Debug|Any CPU
		{B55615D2-722E-45FC-B805-9F1736E2540C}.Debug|Any CPU.Build.0 = Debug|Any CPU
		{B55615D2-722E-45FC-B805-9F1736E2540C}.Release|Any CPU.ActiveCfg = Release|Any CPU
		{B55615D2-722E-45FC-B805-9F1736E2540C}.Release|Any CPU.Build.0 = Release|Any CPU
		{E2436654-320F-4946-9C73-26934BC0C17B}.Debug|Any CPU.ActiveCfg = Debug|Any CPU
		{E2436654-320F-4946-9C73-26934BC0C17B}.Debug|Any CPU.Build.0 = Debug|Any CPU
		{E2436654-320F-4946-9C73-26934BC0C17B}.Release|Any CPU.ActiveCfg = Release|Any CPU
		{E2436654-320F-4946-9C73-26934BC0C17B}.Release|Any CPU.Build.0 = Release|Any CPU
	EndGlobalSection
	GlobalSection(SolutionProperties) = preSolution
		HideSolutionNode = FALSE
	EndGlobalSection
	GlobalSection(PowerDesigner) = preSolution
		HasSWS = 1
	EndGlobalSection
EndGlobal
